
Microsoft Visual Studio Solution File, Format Version 12.00
# Visual Studio 15
VisualStudioVersion = 15.0.27428.2015
MinimumVisualStudioVersion = 10.0.40219.1
Project("{FAE04EC0-301F-11D3-BF4B-00C04F79EFBC}") = "BeautyForum", "BeautyForum\BeautyForum.csproj", "{52048C93-92E2-4CEF-8B49-A9B2E589F8DD}"
EndProject
Global
	GlobalSection(SolutionConfigurationPlatforms) = preSolution
		Debug|Any CPU = Debug|Any CPU
		Release|Any CPU = Release|Any CPU
	EndGlobalSection
	GlobalSection(ProjectConfigurationPlatforms) = postSolution
		{52048C93-92E2-4CEF-8B49-A9B2E589F8DD}.Debug|Any CPU.ActiveCfg = Debug|Any CPU
		{52048C93-92E2-4CEF-8B49-A9B2E589F8DD}.Debug|Any CPU.Build.0 = Debug|Any CPU
		{52048C93-92E2-4CEF-8B49-A9B2E589F8DD}.Release|Any CPU.ActiveCfg = Release|Any CPU
		{52048C93-92E2-4CEF-8B49-A9B2E589F8DD}.Release|Any CPU.Build.0 = Release|Any CPU
	EndGlobalSection
	GlobalSection(SolutionProperties) = preSolution
		HideSolutionNode = FALSE
	EndGlobalSection
	GlobalSection(ExtensibilityGlobals) = postSolution
		SolutionGuid = {22C913DF-A8BC-49F6-BC56-49B38F0698DB}
	EndGlobalSection
EndGlobal
